
Microsoft Visual Studio Solution File, Format Version 12.00
# Visual Studio 2015
Project("{FAE04EC0-301F-11D3-BF4B-00C04F79EFBC}") = "Car Parking 3D.CSharp", "Car Parking 3D.CSharp.csproj", "{FF2C2B58-170B-C09E-5F3F-4C853B492A58}"
EndProject
Project("{FAE04EC0-301F-11D3-BF4B-00C04F79EFBC}") = "Car Parking 3D.CSharp.Editor", "Car Parking 3D.CSharp.Editor.csproj", "{EBE923A1-CD09-BFE9-A8EA-E6501B1590B1}"
EndProject
Global
	GlobalSection(SolutionConfigurationPlatforms) = preSolution
		Debug|Any CPU = Debug|Any CPU
		Release|Any CPU = Release|Any CPU
	EndGlobalSection
	GlobalSection(ProjectConfigurationPlatforms) = postSolution
		{FF2C2B58-170B-C09E-5F3F-4C853B492A58}.Debug|Any CPU.ActiveCfg = Debug|Any CPU
		{FF2C2B58-170B-C09E-5F3F-4C853B492A58}.Debug|Any CPU.Build.0 = Debug|Any CPU
		{FF2C2B58-170B-C09E-5F3F-4C853B492A58}.Release|Any CPU.ActiveCfg = Release|Any CPU
		{FF2C2B58-170B-C09E-5F3F-4C853B492A58}.Release|Any CPU.Build.0 = Release|Any CPU
		{EBE923A1-CD09-BFE9-A8EA-E6501B1590B1}.Debug|Any CPU.ActiveCfg = Debug|Any CPU
		{EBE923A1-CD09-BFE9-A8EA-E6501B1590B1}.Debug|Any CPU.Build.0 = Debug|Any CPU
		{EBE923A1-CD09-BFE9-A8EA-E6501B1590B1}.Release|Any CPU.ActiveCfg = Release|Any CPU
		{EBE923A1-CD09-BFE9-A8EA-E6501B1590B1}.Release|Any CPU.Build.0 = Release|Any CPU
	EndGlobalSection
	GlobalSection(SolutionProperties) = preSolution
		HideSolutionNode = FALSE
	EndGlobalSection
EndGlobal
